// !$*UTF8*$!
{
	archiveVersion = 1;
	classes = {
	};
	objectVersion = 46;
	objects = {

/* Begin PBXBuildFile section */
		FFF7978A1F23DE5E00D3300A /* main.m in Sources */ = {isa = PBXBuildFile; fileRef = FFF797891F23DE5E00D3300A /* main.m */; };
		FFF7978D1F23DE5E00D3300A /* AppDelegate.m in Sources */ = {isa = PBXBuildFile; fileRef = FFF7978C1F23DE5E00D3300A /* AppDelegate.m */; };
		FFF797901F23DE5E00D3300A /* ViewController.m in Sources */ = {isa = PBXBuildFile; fileRef = FFF7978F1F23DE5E00D3300A /* ViewController.m */; };
		FFF797931F23DE5E00D3300A /* Main.storyboard in Resources */ = {isa = PBXBuildFile; fileRef = FFF797911F23DE5E00D3300A /* Main.storyboard */; };
		FFF797961F23DE5E00D3300A /* CraftON_.xcdatamodeld in Sources */ = {isa = PBXBuildFile; fileRef = FFF797941F23DE5E00D3300A /* CraftON_.xcdatamodeld */; };
		FFF797981F23DE5F00D3300A /* Assets.xcassets in Resources */ = {isa = PBXBuildFile; fileRef = FFF797971F23DE5F00D3300A /* Assets.xcassets */; };
		FFF7979B1F23DE5F00D3300A /* LaunchScreen.storyboard in Resources */ = {isa = PBXBuildFile; fileRef = FFF797991F23DE5F00D3300A /* LaunchScreen.storyboard */; };
/* End PBXBuildFile section */

/* Begin PBXFileReference section */
		FFF797851F23DE5E00D3300A /* CraftON..app */ = {isa = PBXFileReference; explicitFileType = wrapper.application; includeInIndex = 0; path = CraftON..app; sourceTree = BUILT_PRODUCTS_DIR; };
		FFF797891F23DE5E00D3300A /* main.m */ = {isa = PBXFileReference; lastKnownFileType = sourcecode.c.objc; path = main.m; sourceTree = "<group>"; };
		FFF7978B1F23DE5E00D3300A /* AppDelegate.h */ = {isa = PBXFileReference; lastKnownFileType = sourcecode.c.h; path = AppDelegate.h; sourceTree = "<group>"; };
		FFF7978C1F23DE5E00D3300A /* AppDelegate.m */ = {isa = PBXFileReference; lastKnownFileType = sourcecode.c.objc; path = AppDelegate.m; sourceTree = "<group>"; };
		FFF7978E1F23DE5E00D3300A /* ViewController.h */ = {isa = PBXFileReference; lastKnownFileType = sourcecode.c.h; path = ViewController.h; sourceTree = "<group>"; };
		FFF7978F1F23DE5E00D3300A /* ViewController.m */ = {isa = PBXFileReference; lastKnownFileType = sourcecode.c.objc; path = ViewController.m; sourceTree = "<group>"; };
		FFF797921F23DE5E00D3300A /* Base */ = {isa = PBXFileReference; lastKnownFileType = file.storyboard; name = Base; path = Base.lproj/Main.storyboard; sourceTree = "<group>"; };
		FFF797951F23DE5E00D3300A /* CraftON_.xcdatamodel */ = {isa = PBXFileReference; lastKnownFileType = wrapper.xcdatamodel; path = CraftON_.xcdatamodel; sourceTree = "<group>"; };
		FFF797971F23DE5F00D3300A /* Assets.xcassets */ = {isa = PBXFileReference; lastKnownFileType = folder.assetcatalog; path = Assets.xcassets; sourceTree = "<group>"; };
		FFF7979A1F23DE5F00D3300A /* Base */ = {isa = PBXFileReference; lastKnownFileType = file.storyboard; name = Base; path = Base.lproj/LaunchScreen.storyboard; sourceTree = "<group>"; };
		FFF7979C1F23DE5F00D3300A /* Info.plist */ = {isa = PBXFileReference; lastKnownFileType = text.plist.xml; path = Info.plist; sourceTree = "<group>"; };
/* End PBXFileReference section */

/* Begin PBXFrameworksBuildPhase section */
		FFF797821F23DE5E00D3300A /* Frameworks */ = {
			isa = PBXFrameworksBuildPhase;
			buildActionMask = 2147483647;
			files = (
			);
			runOnlyForDeploymentPostprocessing = 0;
		};
/* End PBXFrameworksBuildPhase section */

/* Begin PBXGroup section */
		FFF7977C1F23DE5E00D3300A = {
			isa = PBXGroup;
			children = (
				FFF797871F23DE5E00D3300A /* CraftON. */,
				FFF797861F23DE5E00D3300A /* Products */,
			);
			sourceTree = "<group>";
		};
		FFF797861F23DE5E00D3300A /* Products */ = {
			isa = PBXGroup;
			children = (
				FFF797851F23DE5E00D3300A /* CraftON..app */,
			);
			name = Products;
			sourceTree = "<group>";
		};
		FFF797871F23DE5E00D3300A /* CraftON. */ = {
			isa = PBXGroup;
			children = (
				FFF7978B1F23DE5E00D3300A /* AppDelegate.h */,
				FFF7978C1F23DE5E00D3300A /* AppDelegate.m */,
				FFF7978E1F23DE5E00D3300A /* ViewController.h */,
				FFF7978F1F23DE5E00D3300A /* ViewController.m */,
				FFF797911F23DE5E00D3300A /* Main.storyboard */,
				FFF797971F23DE5F00D3300A /* Assets.xcassets */,
				FFF797991F23DE5F00D3300A /* LaunchScreen.storyboard */,
				FFF7979C1F23DE5F00D3300A /* Info.plist */,
				FFF797941F23DE5E00D3300A /* CraftON_.xcdatamodeld */,
				FFF797881F23DE5E00D3300A /* Supporting Files */,
			);
			path = CraftON.;
			sourceTree = "<group>";
		};
		FFF797881F23DE5E00D3300A /* Supporting Files */ = {
			isa = PBXGroup;
			children = (
				FFF797891F23DE5E00D3300A /* main.m */,
			);
			name = "Supporting Files";
			sourceTree = "<group>";
		};
/* End PBXGroup section */

/* Begin PBXNativeTarget section */
		FFF797841F23DE5E00D3300A /* CraftON. */ = {
			isa = PBXNativeTarget;
			buildConfigurationList = FFF7979F1F23DE5F00D3300A /* Build configuration list for PBXNativeTarget "CraftON." */;
			buildPhases = (
				FFF797811F23DE5E00D3300A /* Sources */,
				FFF797821F23DE5E00D3300A /* Frameworks */,
				FFF797831F23DE5E00D3300A /* Resources */,
			);
			buildRules = (
			);
			dependencies = (
			);
			name = CraftON.;
			productName = CraftON.;
			productReference = FFF797851F23DE5E00D3300A /* CraftON..app */;
			productType = "com.apple.product-type.application";
		};
/* End PBXNativeTarget section */

/* Begin PBXProject section */
		FFF7977D1F23DE5E00D3300A /* Project object */ = {
			isa = PBXProject;
			attributes = {
				LastUpgradeCheck = 0830;
				ORGANIZATIONNAME = "Sav Inc.";
				TargetAttributes = {
					FFF797841F23DE5E00D3300A = {
						CreatedOnToolsVersion = 8.3.2;
						DevelopmentTeam = 76WZ7VC9P2;
						ProvisioningStyle = Automatic;
					};
				};
			};
			buildConfigurationList = FFF797801F23DE5E00D3300A /* Build configuration list for PBXProject "CraftON." */;
			compatibilityVersion = "Xcode 3.2";
			developmentRegion = English;
			hasScannedForEncodings = 0;
			knownRegions = (
				en,
				Base,
			);
			mainGroup = FFF7977C1F23DE5E00D3300A;
			productRefGroup = FFF797861F23DE5E00D3300A /* Products */;
			projectDirPath = "";
			projectRoot = "";
			targets = (
				FFF797841F23DE5E00D3300A /* CraftON. */,
			);
		};
/* End PBXProject section */

/* Begin PBXResourcesBuildPhase section */
		FFF797831F23DE5E00D3300A /* Resources */ = {
			isa = PBXResourcesBuildPhase;
			buildActionMask = 2147483647;
			files = (
				FFF7979B1F23DE5F00D3300A /* LaunchScreen.storyboard in Resources */,
				FFF797981F23DE5F00D3300A /* Assets.xcassets in Resources */,
				FFF797931F23DE5E00D3300A /* Main.storyboard in Resources */,
			);
			runOnlyForDeploymentPostprocessing = 0;
		};
/* End PBXResourcesBuildPhase section */

/* Begin PBXSourcesBuildPhase section */
		FFF797811F23DE5E00D3300A /* Sources */ = {
			isa = PBXSourcesBuildPhase;
			buildActionMask = 2147483647;
			files = (
				FFF797901F23DE5E00D3300A /* ViewController.m in Sources */,
				FFF797961F23DE5E00D3300A /* CraftON_.xcdatamodeld in Sources */,
				FFF7978D1F23DE5E00D3300A /* AppDelegate.m in Sources */,
				FFF7978A1F23DE5E00D3300A /* main.m in Sources */,
			);
			runOnlyForDeploymentPostprocessing = 0;
		};
/* End PBXSourcesBuildPhase section */

/* Begin PBXVariantGroup section */
		FFF797911F23DE5E00D3300A /* Main.storyboard */ = {
			isa = PBXVariantGroup;
			children = (
				FFF797921F23DE5E00D3300A /* Base */,
			);
			name = Main.storyboard;
			sourceTree = "<group>";
		};
		FFF797991F23DE5F00D3300A /* LaunchScreen.storyboard */ = {
			isa = PBXVariantGroup;
			children = (
				FFF7979A1F23DE5F00D3300A /* Base */,
			);
			name = LaunchScreen.storyboard;
			sourceTree = "<group>";
		};
/* End PBXVariantGroup section */

/* Begin XCBuildConfiguration section */
		FFF7979D1F23DE5F00D3300A /* Debug */ = {
			isa = XCBuildConfiguration;
			buildSettings = {
				ALWAYS_SEARCH_USER_PATHS = NO;
				CLANG_ANALYZER_NONNULL = YES;
				CLANG_ANALYZER_NUMBER_OBJECT_CONVERSION = YES_AGGRESSIVE;
				CLANG_CXX_LANGUAGE_STANDARD = "gnu++0x";
				CLANG_CXX_LIBRARY = "libc++";
				CLANG_ENABLE_MODULES = YES;
				CLANG_ENABLE_OBJC_ARC = YES;
				CLANG_WARN_BOOL_CONVERSION = YES;
				CLANG_WARN_CONSTANT_CONVERSION = YES;
				CLANG_WARN_DIRECT_OBJC_ISA_USAGE = YES_ERROR;
				CLANG_WARN_DOCUMENTATION_COMMENTS = YES;
				CLANG_WARN_EMPTY_BODY = YES;
				CLANG_WARN_ENUM_CONVERSION = YES;
				CLANG_WARN_INFINITE_RECURSION = YES;
				CLANG_WARN_INT_CONVERSION = YES;
				CLANG_WARN_OBJC_ROOT_CLASS = YES_ERROR;
				CLANG_WARN_SUSPICIOUS_MOVE = YES;
				CLANG_WARN_UNREACHABLE_CODE = YES;
				CLANG_WARN__DUPLICATE_METHOD_MATCH = YES;
				"CODE_SIGN_IDENTITY[sdk=iphoneos*]" = "iPhone Developer";
				COPY_PHASE_STRIP = NO;
				DEBUG_INFORMATION_FORMAT = dwarf;
				ENABLE_STRICT_OBJC_MSGSEND = YES;
				ENABLE_TESTABILITY = YES;
				GCC_C_LANGUAGE_STANDARD = gnu99;
				GCC_DYNAMIC_NO_PIC = NO;
				GCC_NO_COMMON_BLOCKS = YES;
				GCC_OPTIMIZATION_LEVEL = 0;
				GCC_PREPROCESSOR_DEFINITIONS = (
					"DEBUG=1",
					"$(inherited)",
				);
				GCC_WARN_64_TO_32_BIT_CONVERSION = YES;
				GCC_WARN_ABOUT_RETURN_TYPE = YES_ERROR;
				GCC_WARN_UNDECLARED_SELECTOR = YES;
				GCC_WARN_UNINITIALIZED_AUTOS = YES_AGGRESSIVE;
				GCC_WARN_UNUSED_FUNCTION = YES;
				GCC_WARN_UNUSED_VARIABLE = YES;
				IPHONEOS_DEPLOYMENT_TARGET = 10.3;
				MTL_ENABLE_DEBUG_INFO = YES;
				ONLY_ACTIVE_ARCH = YES;
				SDKROOT = iphoneos;
				TARGETED_DEVICE_FAMILY = "1,2";
			};
			name = Debug;
		};
		FFF7979E1F23DE5F00D3300A /* Release */ = {
			isa = XCBuildConfiguration;
			buildSettings = {
				ALWAYS_SEARCH_USER_PATHS = NO;
				CLANG_ANALYZER_NONNULL = YES;
				CLANG_ANALYZER_NUMBER_OBJECT_CONVERSION = YES_AGGRESSIVE;
				CLANG_CXX_LANGUAGE_STANDARD = "gnu++0x";
				CLANG_CXX_LIBRARY = "libc++";
				CLANG_ENABLE_MODULES = YES;
				CLANG_ENABLE_OBJC_ARC = YES;
				CLANG_WARN_BOOL_CONVERSION = YES;
				CLANG_WARN_CONSTANT_CONVERSION = YES;
				CLANG_WARN_DIRECT_OBJC_ISA_USAGE = YES_ERROR;
				CLANG_WARN_DOCUMENTATION_COMMENTS = YES;
				CLANG_WARN_EMPTY_BODY = YES;
				CLANG_WARN_ENUM_CONVERSION = YES;
				CLANG_WARN_INFINITE_RECURSION = YES;
				CLANG_WARN_INT_CONVERSION = YES;
				CLANG_WARN_OBJC_ROOT_CLASS = YES_ERROR;
				CLANG_WARN_SUSPICIOUS_MOVE = YES;
				CLANG_WARN_UNREACHABLE_CODE = YES;
				CLANG_WARN__DUPLICATE_METHOD_MATCH = YES;
				"CODE_SIGN_IDENTITY[sdk=iphoneos*]" = "iPhone Developer";
				COPY_PHASE_STRIP = NO;
				DEBUG_INFORMATION_FORMAT = "dwarf-with-dsym";
				ENABLE_NS_ASSERTIONS = NO;
				ENABLE_STRICT_OBJC_MSGSEND = YES;
				GCC_C_LANGUAGE_STANDARD = gnu99;
				GCC_NO_COMMON_BLOCKS = YES;
				GCC_WARN_64_TO_32_BIT_CONVERSION = YES;
				GCC_WARN_ABOUT_RETURN_TYPE = YES_ERROR;
				GCC_WARN_UNDECLARED_SELECTOR = YES;
				GCC_WARN_UNINITIALIZED_AUTOS = YES_AGGRESSIVE;
				GCC_WARN_UNUSED_FUNCTION = YES;
				GCC_WARN_UNUSED_VARIABLE = YES;
				IPHONEOS_DEPLOYMENT_TARGET = 10.3;
				MTL_ENABLE_DEBUG_INFO = NO;
				SDKROOT = iphoneos;
				TARGETED_DEVICE_FAMILY = "1,2";
				VALIDATE_PRODUCT = YES;
			};
			name = Release;
		};
		FFF797A01F23DE5F00D3300A /* Debug */ = {
			isa = XCBuildConfiguration;
			buildSettings = {
				ASSETCATALOG_COMPILER_APPICON_NAME = AppIcon;
				DEVELOPMENT_TEAM = 76WZ7VC9P2;
				INFOPLIST_FILE = CraftON./Info.plist;
				LD_RUNPATH_SEARCH_PATHS = "$(inherited) @executable_path/Frameworks";
				PRODUCT_BUNDLE_IDENTIFIER = "Alex-Wymer.CraftON-";
				PRODUCT_NAME = "$(TARGET_NAME)";
			};
			name = Debug;
		};
		FFF797A11F23DE5F00D3300A /* Release */ = {
			isa = XCBuildConfiguration;
			buildSettings = {
				ASSETCATALOG_COMPILER_APPICON_NAME = AppIcon;
				DEVELOPMENT_TEAM = 76WZ7VC9P2;
				INFOPLIST_FILE = CraftON./Info.plist;
				LD_RUNPATH_SEARCH_PATHS = "$(inherited) @executable_path/Frameworks";
				PRODUCT_BUNDLE_IDENTIFIER = "Alex-Wymer.CraftON-";
				PRODUCT_NAME = "$(TARGET_NAME)";
			};
			name = Release;
		};
/* End XCBuildConfiguration section */

/* Begin XCConfigurationList section */
		FFF797801F23DE5E00D3300A /* Build configuration list for PBXProject "CraftON." */ = {
			isa = XCConfigurationList;
			buildConfigurations = (
				FFF7979D1F23DE5F00D3300A /* Debug */,
				FFF7979E1F23DE5F00D3300A /* Release */,
			);
			defaultConfigurationIsVisible = 0;
			defaultConfigurationName = Release;
		};
		FFF7979F1F23DE5F00D3300A /* Build configuration list for PBXNativeTarget "CraftON." */ = {
			isa = XCConfigurationList;
			buildConfigurations = (
				FFF797A01F23DE5F00D3300A /* Debug */,
				FFF797A11F23DE5F00D3300A /* Release */,
			);
			defaultConfigurationIsVisible = 0;
		};
/* End XCConfigurationList section */

/* Begin XCVersionGroup section */
		FFF797941F23DE5E00D3300A /* CraftON_.xcdatamodeld */ = {
			isa = XCVersionGroup;
			children = (
				FFF797951F23DE5E00D3300A /* CraftON_.xcdatamodel */,
			);
			currentVersion = FFF797951F23DE5E00D3300A /* CraftON_.xcdatamodel */;
			path = CraftON_.xcdatamodeld;
			sourceTree = "<group>";
			versionGroupType = wrapper.xcdatamodel;
		};
/* End XCVersionGroup section */
	};
	rootObject = FFF7977D1F23DE5E00D3300A /* Project object */;
}
