// !$*UTF8*$!
{
	archiveVersion = 1;
	classes = {
	};
	objectVersion = 46;
	objects = {

/* Begin PBXBuildFile section */
		160EA6C67B35ACC0DB84D8EA /* libPods-CraftON..a in Frameworks */ = {isa = PBXBuildFile; fileRef = BA6D26E1A4C20C97DB6A8D42 /* libPods-CraftON..a */; };
		FF772A6F1F291709002F7D76 /* Store.m in Sources */ = {isa = PBXBuildFile; fileRef = FF772A6E1F291709002F7D76 /* Store.m */; };
		FF772A731F2917DC002F7D76 /* NetworkManager.m in Sources */ = {isa = PBXBuildFile; fileRef = FF772A721F2917DC002F7D76 /* NetworkManager.m */; };
		FF772A761F2917E5002F7D76 /* ImageObject.m in Sources */ = {isa = PBXBuildFile; fileRef = FF772A751F2917E5002F7D76 /* ImageObject.m */; };
		FF772A791F2917ED002F7D76 /* Beer.m in Sources */ = {isa = PBXBuildFile; fileRef = FF772A781F2917ED002F7D76 /* Beer.m */; };
		FF88409E1F2A306200A243AC /* PhotoViewController.m in Sources */ = {isa = PBXBuildFile; fileRef = FF88409D1F2A306200A243AC /* PhotoViewController.m */; };
		FFF7978A1F23DE5E00D3300A /* main.m in Sources */ = {isa = PBXBuildFile; fileRef = FFF797891F23DE5E00D3300A /* main.m */; };
		FFF7978D1F23DE5E00D3300A /* AppDelegate.m in Sources */ = {isa = PBXBuildFile; fileRef = FFF7978C1F23DE5E00D3300A /* AppDelegate.m */; };
		FFF797931F23DE5E00D3300A /* Main.storyboard in Resources */ = {isa = PBXBuildFile; fileRef = FFF797911F23DE5E00D3300A /* Main.storyboard */; };
		FFF797961F23DE5E00D3300A /* CraftON_.xcdatamodeld in Sources */ = {isa = PBXBuildFile; fileRef = FFF797941F23DE5E00D3300A /* CraftON_.xcdatamodeld */; };
		FFF797981F23DE5F00D3300A /* Assets.xcassets in Resources */ = {isa = PBXBuildFile; fileRef = FFF797971F23DE5F00D3300A /* Assets.xcassets */; };
		FFF7979B1F23DE5F00D3300A /* LaunchScreen.storyboard in Resources */ = {isa = PBXBuildFile; fileRef = FFF797991F23DE5F00D3300A /* LaunchScreen.storyboard */; };
		FFF797AD1F267E3C00D3300A /* SplashViewController.m in Sources */ = {isa = PBXBuildFile; fileRef = FFF797AC1F267E3C00D3300A /* SplashViewController.m */; };
		FFF797B01F267E4400D3300A /* MenuViewController.m in Sources */ = {isa = PBXBuildFile; fileRef = FFF797AF1F267E4400D3300A /* MenuViewController.m */; };
		FFF797B31F267E5100D3300A /* DetailViewController.m in Sources */ = {isa = PBXBuildFile; fileRef = FFF797B21F267E5100D3300A /* DetailViewController.m */; };
		FFF797B61F267E5700D3300A /* MapViewController.m in Sources */ = {isa = PBXBuildFile; fileRef = FFF797B51F267E5700D3300A /* MapViewController.m */; };
		FFF797BC1F26A6B600D3300A /* BeerCollectionViewCell.m in Sources */ = {isa = PBXBuildFile; fileRef = FFF797BB1F26A6B600D3300A /* BeerCollectionViewCell.m */; };
/* End PBXBuildFile section */

/* Begin PBXFileReference section */
		1627A04BADE8AAE78CE8B9E2 /* Pods-CraftON..release.xcconfig */ = {isa = PBXFileReference; includeInIndex = 1; lastKnownFileType = text.xcconfig; name = "Pods-CraftON..release.xcconfig"; path = "Pods/Target Support Files/Pods-CraftON./Pods-CraftON..release.xcconfig"; sourceTree = "<group>"; };
		BA6D26E1A4C20C97DB6A8D42 /* libPods-CraftON..a */ = {isa = PBXFileReference; explicitFileType = archive.ar; includeInIndex = 0; path = "libPods-CraftON..a"; sourceTree = BUILT_PRODUCTS_DIR; };
		E1C53BC2D593996D2541D659 /* Pods-CraftON..debug.xcconfig */ = {isa = PBXFileReference; includeInIndex = 1; lastKnownFileType = text.xcconfig; name = "Pods-CraftON..debug.xcconfig"; path = "Pods/Target Support Files/Pods-CraftON./Pods-CraftON..debug.xcconfig"; sourceTree = "<group>"; };
		FF772A6D1F291709002F7D76 /* Store.h */ = {isa = PBXFileReference; fileEncoding = 4; lastKnownFileType = sourcecode.c.h; name = Store.h; path = ../Store.h; sourceTree = "<group>"; };
		FF772A6E1F291709002F7D76 /* Store.m */ = {isa = PBXFileReference; fileEncoding = 4; lastKnownFileType = sourcecode.c.objc; name = Store.m; path = ../Store.m; sourceTree = "<group>"; };
		FF772A701F2917CD002F7D76 /* Key.h */ = {isa = PBXFileReference; lastKnownFileType = sourcecode.c.h; path = Key.h; sourceTree = "<group>"; };
		FF772A711F2917DC002F7D76 /* NetworkManager.h */ = {isa = PBXFileReference; fileEncoding = 4; lastKnownFileType = sourcecode.c.h; path = NetworkManager.h; sourceTree = "<group>"; };
		FF772A721F2917DC002F7D76 /* NetworkManager.m */ = {isa = PBXFileReference; fileEncoding = 4; lastKnownFileType = sourcecode.c.objc; path = NetworkManager.m; sourceTree = "<group>"; };
		FF772A741F2917E5002F7D76 /* ImageObject.h */ = {isa = PBXFileReference; fileEncoding = 4; lastKnownFileType = sourcecode.c.h; path = ImageObject.h; sourceTree = "<group>"; };
		FF772A751F2917E5002F7D76 /* ImageObject.m */ = {isa = PBXFileReference; fileEncoding = 4; lastKnownFileType = sourcecode.c.objc; path = ImageObject.m; sourceTree = "<group>"; };
		FF772A771F2917ED002F7D76 /* Beer.h */ = {isa = PBXFileReference; fileEncoding = 4; lastKnownFileType = sourcecode.c.h; path = Beer.h; sourceTree = "<group>"; };
		FF772A781F2917ED002F7D76 /* Beer.m */ = {isa = PBXFileReference; fileEncoding = 4; lastKnownFileType = sourcecode.c.objc; path = Beer.m; sourceTree = "<group>"; };
		FF88409C1F2A306200A243AC /* PhotoViewController.h */ = {isa = PBXFileReference; fileEncoding = 4; lastKnownFileType = sourcecode.c.h; path = PhotoViewController.h; sourceTree = "<group>"; };
		FF88409D1F2A306200A243AC /* PhotoViewController.m */ = {isa = PBXFileReference; fileEncoding = 4; lastKnownFileType = sourcecode.c.objc; path = PhotoViewController.m; sourceTree = "<group>"; };
		FFF797851F23DE5E00D3300A /* CraftON..app */ = {isa = PBXFileReference; explicitFileType = wrapper.application; includeInIndex = 0; path = CraftON..app; sourceTree = BUILT_PRODUCTS_DIR; };
		FFF797891F23DE5E00D3300A /* main.m */ = {isa = PBXFileReference; lastKnownFileType = sourcecode.c.objc; path = main.m; sourceTree = "<group>"; };
		FFF7978B1F23DE5E00D3300A /* AppDelegate.h */ = {isa = PBXFileReference; lastKnownFileType = sourcecode.c.h; path = AppDelegate.h; sourceTree = "<group>"; };
		FFF7978C1F23DE5E00D3300A /* AppDelegate.m */ = {isa = PBXFileReference; lastKnownFileType = sourcecode.c.objc; path = AppDelegate.m; sourceTree = "<group>"; };
		FFF797921F23DE5E00D3300A /* Base */ = {isa = PBXFileReference; lastKnownFileType = file.storyboard; name = Base; path = Base.lproj/Main.storyboard; sourceTree = "<group>"; };
		FFF797951F23DE5E00D3300A /* CraftON_.xcdatamodel */ = {isa = PBXFileReference; lastKnownFileType = wrapper.xcdatamodel; path = CraftON_.xcdatamodel; sourceTree = "<group>"; };
		FFF797971F23DE5F00D3300A /* Assets.xcassets */ = {isa = PBXFileReference; lastKnownFileType = folder.assetcatalog; path = Assets.xcassets; sourceTree = "<group>"; };
		FFF7979A1F23DE5F00D3300A /* Base */ = {isa = PBXFileReference; lastKnownFileType = file.storyboard; name = Base; path = Base.lproj/LaunchScreen.storyboard; sourceTree = "<group>"; };
		FFF7979C1F23DE5F00D3300A /* Info.plist */ = {isa = PBXFileReference; lastKnownFileType = text.plist.xml; path = Info.plist; sourceTree = "<group>"; };
		FFF797AB1F267E3C00D3300A /* SplashViewController.h */ = {isa = PBXFileReference; fileEncoding = 4; lastKnownFileType = sourcecode.c.h; name = SplashViewController.h; path = ../SplashViewController.h; sourceTree = "<group>"; };
		FFF797AC1F267E3C00D3300A /* SplashViewController.m */ = {isa = PBXFileReference; fileEncoding = 4; lastKnownFileType = sourcecode.c.objc; name = SplashViewController.m; path = ../SplashViewController.m; sourceTree = "<group>"; };
		FFF797AE1F267E4400D3300A /* MenuViewController.h */ = {isa = PBXFileReference; fileEncoding = 4; lastKnownFileType = sourcecode.c.h; name = MenuViewController.h; path = ../MenuViewController.h; sourceTree = "<group>"; };
		FFF797AF1F267E4400D3300A /* MenuViewController.m */ = {isa = PBXFileReference; fileEncoding = 4; lastKnownFileType = sourcecode.c.objc; name = MenuViewController.m; path = ../MenuViewController.m; sourceTree = "<group>"; };
		FFF797B11F267E5100D3300A /* DetailViewController.h */ = {isa = PBXFileReference; fileEncoding = 4; lastKnownFileType = sourcecode.c.h; name = DetailViewController.h; path = ../DetailViewController.h; sourceTree = "<group>"; };
		FFF797B21F267E5100D3300A /* DetailViewController.m */ = {isa = PBXFileReference; fileEncoding = 4; lastKnownFileType = sourcecode.c.objc; name = DetailViewController.m; path = ../DetailViewController.m; sourceTree = "<group>"; };
		FFF797B41F267E5700D3300A /* MapViewController.h */ = {isa = PBXFileReference; fileEncoding = 4; lastKnownFileType = sourcecode.c.h; name = MapViewController.h; path = ../MapViewController.h; sourceTree = "<group>"; };
		FFF797B51F267E5700D3300A /* MapViewController.m */ = {isa = PBXFileReference; fileEncoding = 4; lastKnownFileType = sourcecode.c.objc; name = MapViewController.m; path = ../MapViewController.m; sourceTree = "<group>"; };
		FFF797BA1F26A6B600D3300A /* BeerCollectionViewCell.h */ = {isa = PBXFileReference; fileEncoding = 4; lastKnownFileType = sourcecode.c.h; path = BeerCollectionViewCell.h; sourceTree = "<group>"; };
		FFF797BB1F26A6B600D3300A /* BeerCollectionViewCell.m */ = {isa = PBXFileReference; fileEncoding = 4; lastKnownFileType = sourcecode.c.objc; path = BeerCollectionViewCell.m; sourceTree = "<group>"; };
/* End PBXFileReference section */

/* Begin PBXFrameworksBuildPhase section */
		FFF797821F23DE5E00D3300A /* Frameworks */ = {
			isa = PBXFrameworksBuildPhase;
			buildActionMask = 2147483647;
			files = (
				160EA6C67B35ACC0DB84D8EA /* libPods-CraftON..a in Frameworks */,
			);
			runOnlyForDeploymentPostprocessing = 0;
		};
/* End PBXFrameworksBuildPhase section */

/* Begin PBXGroup section */
		2E6531D107D744A67996A406 /* Pods */ = {
			isa = PBXGroup;
			children = (
				E1C53BC2D593996D2541D659 /* Pods-CraftON..debug.xcconfig */,
				1627A04BADE8AAE78CE8B9E2 /* Pods-CraftON..release.xcconfig */,
			);
			name = Pods;
			sourceTree = "<group>";
		};
		9D213497E1F188AD673ED6B9 /* Frameworks */ = {
			isa = PBXGroup;
			children = (
				BA6D26E1A4C20C97DB6A8D42 /* libPods-CraftON..a */,
			);
			name = Frameworks;
			sourceTree = "<group>";
		};
		FF772A7A1F291926002F7D76 /* Model */ = {
			isa = PBXGroup;
			children = (
				FF772A701F2917CD002F7D76 /* Key.h */,
				FF772A711F2917DC002F7D76 /* NetworkManager.h */,
				FF772A721F2917DC002F7D76 /* NetworkManager.m */,
				FF772A741F2917E5002F7D76 /* ImageObject.h */,
				FF772A751F2917E5002F7D76 /* ImageObject.m */,
				FF772A771F2917ED002F7D76 /* Beer.h */,
				FF772A781F2917ED002F7D76 /* Beer.m */,
				FF772A6D1F291709002F7D76 /* Store.h */,
				FF772A6E1F291709002F7D76 /* Store.m */,
			);
			name = Model;
			sourceTree = "<group>";
		};
		FF772A7B1F291933002F7D76 /* View */ = {
			isa = PBXGroup;
			children = (
				FFF797AB1F267E3C00D3300A /* SplashViewController.h */,
				FFF797AC1F267E3C00D3300A /* SplashViewController.m */,
				FF88409C1F2A306200A243AC /* PhotoViewController.h */,
				FF88409D1F2A306200A243AC /* PhotoViewController.m */,
				FFF797BD1F26A87B00D3300A /* Do not touch */,
			);
			name = View;
			sourceTree = "<group>";
		};
		FF772A7C1F29193A002F7D76 /* Controller */ = {
			isa = PBXGroup;
			children = (
				FFF797AE1F267E4400D3300A /* MenuViewController.h */,
				FFF797AF1F267E4400D3300A /* MenuViewController.m */,
				FFF797B11F267E5100D3300A /* DetailViewController.h */,
				FFF797B21F267E5100D3300A /* DetailViewController.m */,
				FFF797BA1F26A6B600D3300A /* BeerCollectionViewCell.h */,
				FFF797BB1F26A6B600D3300A /* BeerCollectionViewCell.m */,
				FFF797B41F267E5700D3300A /* MapViewController.h */,
				FFF797B51F267E5700D3300A /* MapViewController.m */,
			);
			name = Controller;
			sourceTree = "<group>";
		};
		FFF7977C1F23DE5E00D3300A = {
			isa = PBXGroup;
			children = (
				FFF797871F23DE5E00D3300A /* CraftON. */,
				FFF797861F23DE5E00D3300A /* Products */,
				2E6531D107D744A67996A406 /* Pods */,
				9D213497E1F188AD673ED6B9 /* Frameworks */,
			);
			sourceTree = "<group>";
		};
		FFF797861F23DE5E00D3300A /* Products */ = {
			isa = PBXGroup;
			children = (
				FFF797851F23DE5E00D3300A /* CraftON..app */,
			);
			name = Products;
			sourceTree = "<group>";
		};
		FFF797871F23DE5E00D3300A /* CraftON. */ = {
			isa = PBXGroup;
			children = (
				FFF7978B1F23DE5E00D3300A /* AppDelegate.h */,
				FFF7978C1F23DE5E00D3300A /* AppDelegate.m */,
				FF772A7A1F291926002F7D76 /* Model */,
				FF772A7B1F291933002F7D76 /* View */,
				FF772A7C1F29193A002F7D76 /* Controller */,
				FFF797971F23DE5F00D3300A /* Assets.xcassets */,
				FFF7979C1F23DE5F00D3300A /* Info.plist */,
				FFF797941F23DE5E00D3300A /* CraftON_.xcdatamodeld */,
				FFF797881F23DE5E00D3300A /* Supporting Files */,
			);
			path = CraftON.;
			sourceTree = "<group>";
		};
		FFF797881F23DE5E00D3300A /* Supporting Files */ = {
			isa = PBXGroup;
			children = (
				FFF797891F23DE5E00D3300A /* main.m */,
			);
			name = "Supporting Files";
			sourceTree = "<group>";
		};
		FFF797BD1F26A87B00D3300A /* Do not touch */ = {
			isa = PBXGroup;
			children = (
				FFF797911F23DE5E00D3300A /* Main.storyboard */,
				FFF797991F23DE5F00D3300A /* LaunchScreen.storyboard */,
			);
			name = "Do not touch";
			sourceTree = "<group>";
		};
/* End PBXGroup section */

/* Begin PBXNativeTarget section */
		FFF797841F23DE5E00D3300A /* CraftON. */ = {
			isa = PBXNativeTarget;
			buildConfigurationList = FFF7979F1F23DE5F00D3300A /* Build configuration list for PBXNativeTarget "CraftON." */;
			buildPhases = (
				8A9D48D4B6535C12D6F548F7 /* [CP] Check Pods Manifest.lock */,
				FFF797811F23DE5E00D3300A /* Sources */,
				FFF797821F23DE5E00D3300A /* Frameworks */,
				FFF797831F23DE5E00D3300A /* Resources */,
				C487A67FAC83C10F709059AE /* [CP] Embed Pods Frameworks */,
				574B9B096AD35856EDF061B3 /* [CP] Copy Pods Resources */,
			);
			buildRules = (
			);
			dependencies = (
			);
			name = CraftON.;
			productName = CraftON.;
			productReference = FFF797851F23DE5E00D3300A /* CraftON..app */;
			productType = "com.apple.product-type.application";
		};
/* End PBXNativeTarget section */

/* Begin PBXProject section */
		FFF7977D1F23DE5E00D3300A /* Project object */ = {
			isa = PBXProject;
			attributes = {
				LastUpgradeCheck = 0830;
				ORGANIZATIONNAME = "Sav Inc.";
				TargetAttributes = {
					FFF797841F23DE5E00D3300A = {
						CreatedOnToolsVersion = 8.3.2;
						DevelopmentTeam = 76WZ7VC9P2;
						ProvisioningStyle = Automatic;
					};
				};
			};
			buildConfigurationList = FFF797801F23DE5E00D3300A /* Build configuration list for PBXProject "CraftON." */;
			compatibilityVersion = "Xcode 3.2";
			developmentRegion = English;
			hasScannedForEncodings = 0;
			knownRegions = (
				en,
				Base,
			);
			mainGroup = FFF7977C1F23DE5E00D3300A;
			productRefGroup = FFF797861F23DE5E00D3300A /* Products */;
			projectDirPath = "";
			projectRoot = "";
			targets = (
				FFF797841F23DE5E00D3300A /* CraftON. */,
			);
		};
/* End PBXProject section */

/* Begin PBXResourcesBuildPhase section */
		FFF797831F23DE5E00D3300A /* Resources */ = {
			isa = PBXResourcesBuildPhase;
			buildActionMask = 2147483647;
			files = (
				FFF7979B1F23DE5F00D3300A /* LaunchScreen.storyboard in Resources */,
				FFF797981F23DE5F00D3300A /* Assets.xcassets in Resources */,
				FFF797931F23DE5E00D3300A /* Main.storyboard in Resources */,
			);
			runOnlyForDeploymentPostprocessing = 0;
		};
/* End PBXResourcesBuildPhase section */

/* Begin PBXShellScriptBuildPhase section */
		574B9B096AD35856EDF061B3 /* [CP] Copy Pods Resources */ = {
			isa = PBXShellScriptBuildPhase;
			buildActionMask = 2147483647;
			files = (
			);
			inputPaths = (
			);
			name = "[CP] Copy Pods Resources";
			outputPaths = (
			);
			runOnlyForDeploymentPostprocessing = 0;
			shellPath = /bin/sh;
			shellScript = "\"${SRCROOT}/Pods/Target Support Files/Pods-CraftON./Pods-CraftON.-resources.sh\"\n";
			showEnvVarsInLog = 0;
		};
		8A9D48D4B6535C12D6F548F7 /* [CP] Check Pods Manifest.lock */ = {
			isa = PBXShellScriptBuildPhase;
			buildActionMask = 2147483647;
			files = (
			);
			inputPaths = (
			);
			name = "[CP] Check Pods Manifest.lock";
			outputPaths = (
			);
			runOnlyForDeploymentPostprocessing = 0;
			shellPath = /bin/sh;
			shellScript = "diff \"${PODS_PODFILE_DIR_PATH}/Podfile.lock\" \"${PODS_ROOT}/Manifest.lock\" > /dev/null\nif [ $? != 0 ] ; then\n    # print error to STDERR\n    echo \"error: The sandbox is not in sync with the Podfile.lock. Run 'pod install' or update your CocoaPods installation.\" >&2\n    exit 1\nfi\n";
			showEnvVarsInLog = 0;
		};
		C487A67FAC83C10F709059AE /* [CP] Embed Pods Frameworks */ = {
			isa = PBXShellScriptBuildPhase;
			buildActionMask = 2147483647;
			files = (
			);
			inputPaths = (
			);
			name = "[CP] Embed Pods Frameworks";
			outputPaths = (
			);
			runOnlyForDeploymentPostprocessing = 0;
			shellPath = /bin/sh;
			shellScript = "\"${SRCROOT}/Pods/Target Support Files/Pods-CraftON./Pods-CraftON.-frameworks.sh\"\n";
			showEnvVarsInLog = 0;
		};
/* End PBXShellScriptBuildPhase section */

/* Begin PBXSourcesBuildPhase section */
		FFF797811F23DE5E00D3300A /* Sources */ = {
			isa = PBXSourcesBuildPhase;
			buildActionMask = 2147483647;
			files = (
				FF772A791F2917ED002F7D76 /* Beer.m in Sources */,
				FFF797BC1F26A6B600D3300A /* BeerCollectionViewCell.m in Sources */,
				FFF797961F23DE5E00D3300A /* CraftON_.xcdatamodeld in Sources */,
				FFF7978D1F23DE5E00D3300A /* AppDelegate.m in Sources */,
				FF772A731F2917DC002F7D76 /* NetworkManager.m in Sources */,
				FF772A6F1F291709002F7D76 /* Store.m in Sources */,
				FF772A761F2917E5002F7D76 /* ImageObject.m in Sources */,
				FF88409E1F2A306200A243AC /* PhotoViewController.m in Sources */,
				FFF7978A1F23DE5E00D3300A /* main.m in Sources */,
				FFF797AD1F267E3C00D3300A /* SplashViewController.m in Sources */,
				FFF797B01F267E4400D3300A /* MenuViewController.m in Sources */,
				FFF797B31F267E5100D3300A /* DetailViewController.m in Sources */,
				FFF797B61F267E5700D3300A /* MapViewController.m in Sources */,
			);
			runOnlyForDeploymentPostprocessing = 0;
		};
/* End PBXSourcesBuildPhase section */

/* Begin PBXVariantGroup section */
		FFF797911F23DE5E00D3300A /* Main.storyboard */ = {
			isa = PBXVariantGroup;
			children = (
				FFF797921F23DE5E00D3300A /* Base */,
			);
			name = Main.storyboard;
			sourceTree = "<group>";
		};
		FFF797991F23DE5F00D3300A /* LaunchScreen.storyboard */ = {
			isa = PBXVariantGroup;
			children = (
				FFF7979A1F23DE5F00D3300A /* Base */,
			);
			name = LaunchScreen.storyboard;
			sourceTree = "<group>";
		};
/* End PBXVariantGroup section */

/* Begin XCBuildConfiguration section */
		FFF7979D1F23DE5F00D3300A /* Debug */ = {
			isa = XCBuildConfiguration;
			buildSettings = {
				ALWAYS_SEARCH_USER_PATHS = NO;
				CLANG_ANALYZER_NONNULL = YES;
				CLANG_ANALYZER_NUMBER_OBJECT_CONVERSION = YES_AGGRESSIVE;
				CLANG_CXX_LANGUAGE_STANDARD = "gnu++0x";
				CLANG_CXX_LIBRARY = "libc++";
				CLANG_ENABLE_MODULES = YES;
				CLANG_ENABLE_OBJC_ARC = YES;
				CLANG_WARN_BOOL_CONVERSION = YES;
				CLANG_WARN_CONSTANT_CONVERSION = YES;
				CLANG_WARN_DIRECT_OBJC_ISA_USAGE = YES_ERROR;
				CLANG_WARN_DOCUMENTATION_COMMENTS = YES;
				CLANG_WARN_EMPTY_BODY = YES;
				CLANG_WARN_ENUM_CONVERSION = YES;
				CLANG_WARN_INFINITE_RECURSION = YES;
				CLANG_WARN_INT_CONVERSION = YES;
				CLANG_WARN_OBJC_ROOT_CLASS = YES_ERROR;
				CLANG_WARN_SUSPICIOUS_MOVE = YES;
				CLANG_WARN_UNREACHABLE_CODE = YES;
				CLANG_WARN__DUPLICATE_METHOD_MATCH = YES;
				"CODE_SIGN_IDENTITY[sdk=iphoneos*]" = "iPhone Developer";
				COPY_PHASE_STRIP = NO;
				DEBUG_INFORMATION_FORMAT = dwarf;
				ENABLE_STRICT_OBJC_MSGSEND = YES;
				ENABLE_TESTABILITY = YES;
				GCC_C_LANGUAGE_STANDARD = gnu99;
				GCC_DYNAMIC_NO_PIC = NO;
				GCC_NO_COMMON_BLOCKS = YES;
				GCC_OPTIMIZATION_LEVEL = 0;
				GCC_PREPROCESSOR_DEFINITIONS = (
					"DEBUG=1",
					"$(inherited)",
				);
				GCC_WARN_64_TO_32_BIT_CONVERSION = YES;
				GCC_WARN_ABOUT_RETURN_TYPE = YES_ERROR;
				GCC_WARN_UNDECLARED_SELECTOR = YES;
				GCC_WARN_UNINITIALIZED_AUTOS = YES_AGGRESSIVE;
				GCC_WARN_UNUSED_FUNCTION = YES;
				GCC_WARN_UNUSED_VARIABLE = YES;
				IPHONEOS_DEPLOYMENT_TARGET = 10.3;
				MTL_ENABLE_DEBUG_INFO = YES;
				ONLY_ACTIVE_ARCH = YES;
				SDKROOT = iphoneos;
				TARGETED_DEVICE_FAMILY = "1,2";
			};
			name = Debug;
		};
		FFF7979E1F23DE5F00D3300A /* Release */ = {
			isa = XCBuildConfiguration;
			buildSettings = {
				ALWAYS_SEARCH_USER_PATHS = NO;
				CLANG_ANALYZER_NONNULL = YES;
				CLANG_ANALYZER_NUMBER_OBJECT_CONVERSION = YES_AGGRESSIVE;
				CLANG_CXX_LANGUAGE_STANDARD = "gnu++0x";
				CLANG_CXX_LIBRARY = "libc++";
				CLANG_ENABLE_MODULES = YES;
				CLANG_ENABLE_OBJC_ARC = YES;
				CLANG_WARN_BOOL_CONVERSION = YES;
				CLANG_WARN_CONSTANT_CONVERSION = YES;
				CLANG_WARN_DIRECT_OBJC_ISA_USAGE = YES_ERROR;
				CLANG_WARN_DOCUMENTATION_COMMENTS = YES;
				CLANG_WARN_EMPTY_BODY = YES;
				CLANG_WARN_ENUM_CONVERSION = YES;
				CLANG_WARN_INFINITE_RECURSION = YES;
				CLANG_WARN_INT_CONVERSION = YES;
				CLANG_WARN_OBJC_ROOT_CLASS = YES_ERROR;
				CLANG_WARN_SUSPICIOUS_MOVE = YES;
				CLANG_WARN_UNREACHABLE_CODE = YES;
				CLANG_WARN__DUPLICATE_METHOD_MATCH = YES;
				"CODE_SIGN_IDENTITY[sdk=iphoneos*]" = "iPhone Developer";
				COPY_PHASE_STRIP = NO;
				DEBUG_INFORMATION_FORMAT = "dwarf-with-dsym";
				ENABLE_NS_ASSERTIONS = NO;
				ENABLE_STRICT_OBJC_MSGSEND = YES;
				GCC_C_LANGUAGE_STANDARD = gnu99;
				GCC_NO_COMMON_BLOCKS = YES;
				GCC_WARN_64_TO_32_BIT_CONVERSION = YES;
				GCC_WARN_ABOUT_RETURN_TYPE = YES_ERROR;
				GCC_WARN_UNDECLARED_SELECTOR = YES;
				GCC_WARN_UNINITIALIZED_AUTOS = YES_AGGRESSIVE;
				GCC_WARN_UNUSED_FUNCTION = YES;
				GCC_WARN_UNUSED_VARIABLE = YES;
				IPHONEOS_DEPLOYMENT_TARGET = 10.3;
				MTL_ENABLE_DEBUG_INFO = NO;
				SDKROOT = iphoneos;
				TARGETED_DEVICE_FAMILY = "1,2";
				VALIDATE_PRODUCT = YES;
			};
			name = Release;
		};
		FFF797A01F23DE5F00D3300A /* Debug */ = {
			isa = XCBuildConfiguration;
			baseConfigurationReference = E1C53BC2D593996D2541D659 /* Pods-CraftON..debug.xcconfig */;
			buildSettings = {
				ASSETCATALOG_COMPILER_APPICON_NAME = AppIcon;
				DEVELOPMENT_TEAM = 76WZ7VC9P2;
				INFOPLIST_FILE = CraftON./Info.plist;
				LD_RUNPATH_SEARCH_PATHS = "$(inherited) @executable_path/Frameworks";
				PRODUCT_BUNDLE_IDENTIFIER = "Alex-Wymer.CraftON-";
				PRODUCT_NAME = "$(TARGET_NAME)";
			};
			name = Debug;
		};
		FFF797A11F23DE5F00D3300A /* Release */ = {
			isa = XCBuildConfiguration;
			baseConfigurationReference = 1627A04BADE8AAE78CE8B9E2 /* Pods-CraftON..release.xcconfig */;
			buildSettings = {
				ASSETCATALOG_COMPILER_APPICON_NAME = AppIcon;
				DEVELOPMENT_TEAM = 76WZ7VC9P2;
				INFOPLIST_FILE = CraftON./Info.plist;
				LD_RUNPATH_SEARCH_PATHS = "$(inherited) @executable_path/Frameworks";
				PRODUCT_BUNDLE_IDENTIFIER = "Alex-Wymer.CraftON-";
				PRODUCT_NAME = "$(TARGET_NAME)";
			};
			name = Release;
		};
/* End XCBuildConfiguration section */

/* Begin XCConfigurationList section */
		FFF797801F23DE5E00D3300A /* Build configuration list for PBXProject "CraftON." */ = {
			isa = XCConfigurationList;
			buildConfigurations = (
				FFF7979D1F23DE5F00D3300A /* Debug */,
				FFF7979E1F23DE5F00D3300A /* Release */,
			);
			defaultConfigurationIsVisible = 0;
			defaultConfigurationName = Release;
		};
		FFF7979F1F23DE5F00D3300A /* Build configuration list for PBXNativeTarget "CraftON." */ = {
			isa = XCConfigurationList;
			buildConfigurations = (
				FFF797A01F23DE5F00D3300A /* Debug */,
				FFF797A11F23DE5F00D3300A /* Release */,
			);
			defaultConfigurationIsVisible = 0;
			defaultConfigurationName = Release;
		};
/* End XCConfigurationList section */

/* Begin XCVersionGroup section */
		FFF797941F23DE5E00D3300A /* CraftON_.xcdatamodeld */ = {
			isa = XCVersionGroup;
			children = (
				FFF797951F23DE5E00D3300A /* CraftON_.xcdatamodel */,
			);
			currentVersion = FFF797951F23DE5E00D3300A /* CraftON_.xcdatamodel */;
			path = CraftON_.xcdatamodeld;
			sourceTree = "<group>";
			versionGroupType = wrapper.xcdatamodel;
		};
/* End XCVersionGroup section */
	};
	rootObject = FFF7977D1F23DE5E00D3300A /* Project object */;
}
